
Microsoft Visual Studio Solution File, Format Version 12.00
# Visual Studio 15
VisualStudioVersion = 15.0.26228.4
MinimumVisualStudioVersion = 10.0.40219.1
Project("{FAE04EC0-301F-11D3-BF4B-00C04F79EFBC}") = "Itam.Web", "Itam.Web\Itam.Web.csproj", "{B46ADF72-FE1B-4222-BF1B-357F69B97C42}"
EndProject
Project("{2150E333-8FDC-42A3-9474-1A3956D46DE8}") = "src", "src", "{BBF6416E-FC4F-49BF-BED0-973448ACE873}"
EndProject
Project("{2150E333-8FDC-42A3-9474-1A3956D46DE8}") = "test", "test", "{DF9947C9-FF18-41FB-BE89-BA17C437CEC7}"
EndProject
Global
	GlobalSection(SolutionConfigurationPlatforms) = preSolution
		Debug|Any CPU = Debug|Any CPU
		Release|Any CPU = Release|Any CPU
	EndGlobalSection
	GlobalSection(ProjectConfigurationPlatforms) = postSolution
		{B46ADF72-FE1B-4222-BF1B-357F69B97C42}.Debug|Any CPU.ActiveCfg = Debug|Any CPU
		{B46ADF72-FE1B-4222-BF1B-357F69B97C42}.Debug|Any CPU.Build.0 = Debug|Any CPU
		{B46ADF72-FE1B-4222-BF1B-357F69B97C42}.Release|Any CPU.ActiveCfg = Release|Any CPU
		{B46ADF72-FE1B-4222-BF1B-357F69B97C42}.Release|Any CPU.Build.0 = Release|Any CPU
	EndGlobalSection
	GlobalSection(SolutionProperties) = preSolution
		HideSolutionNode = FALSE
	EndGlobalSection
EndGlobal
