
Microsoft Visual Studio Solution File, Format Version 12.00
# Visual Studio 15
VisualStudioVersion = 15.0.26228.4
MinimumVisualStudioVersion = 10.0.40219.1
Project("{FAE04EC0-301F-11D3-BF4B-00C04F79EFBC}") = "Itam.Web", "Itam.Web\Itam.Web.csproj", "{B46ADF72-FE1B-4222-BF1B-357F69B97C42}"
EndProject
Project("{2150E333-8FDC-42A3-9474-1A3956D46DE8}") = "src", "src", "{BBF6416E-FC4F-49BF-BED0-973448ACE873}"
EndProject
Project("{2150E333-8FDC-42A3-9474-1A3956D46DE8}") = "test", "test", "{DF9947C9-FF18-41FB-BE89-BA17C437CEC7}"
EndProject
Project("{FAE04EC0-301F-11D3-BF4B-00C04F79EFBC}") = "Itam.Core", "Itam.Core\Itam.Core.csproj", "{34571D3D-200F-462F-A727-7533A565607A}"
EndProject
Project("{FAE04EC0-301F-11D3-BF4B-00C04F79EFBC}") = "Itam.Service", "Itam.Service\Itam.Service.csproj", "{FCADF401-1702-42C1-A181-6BF0E82273D7}"
EndProject
Project("{FAE04EC0-301F-11D3-BF4B-00C04F79EFBC}") = "Itam.Provider", "Itam.Provider\Itam.Provider.csproj", "{37B9EE70-F803-41EB-93D2-F6CCBF085A7C}"
EndProject
Project("{FAE04EC0-301F-11D3-BF4B-00C04F79EFBC}") = "Itam.Core.Tests", "Itam.Core.Tests\Itam.Core.Tests.csproj", "{6A523E3C-7C8A-40E8-8332-55C503E7166A}"
EndProject
Project("{FAE04EC0-301F-11D3-BF4B-00C04F79EFBC}") = "Itam.Service.Tests", "Itam.Service.Tests\Itam.Service.Tests.csproj", "{D8AA3DE9-6264-47FE-8A57-E0EAFB640288}"
EndProject
Project("{FAE04EC0-301F-11D3-BF4B-00C04F79EFBC}") = "Itam.Provider.Tests", "Itam.Provider.Tests\Itam.Provider.Tests.csproj", "{BB113D13-24C7-4D87-A81C-BF1E8C1FAE23}"
EndProject
Global
	GlobalSection(SolutionConfigurationPlatforms) = preSolution
		Debug|Any CPU = Debug|Any CPU
		Release|Any CPU = Release|Any CPU
	EndGlobalSection
	GlobalSection(ProjectConfigurationPlatforms) = postSolution
		{B46ADF72-FE1B-4222-BF1B-357F69B97C42}.Debug|Any CPU.ActiveCfg = Debug|Any CPU
		{B46ADF72-FE1B-4222-BF1B-357F69B97C42}.Debug|Any CPU.Build.0 = Debug|Any CPU
		{B46ADF72-FE1B-4222-BF1B-357F69B97C42}.Release|Any CPU.ActiveCfg = Release|Any CPU
		{B46ADF72-FE1B-4222-BF1B-357F69B97C42}.Release|Any CPU.Build.0 = Release|Any CPU
		{34571D3D-200F-462F-A727-7533A565607A}.Debug|Any CPU.ActiveCfg = Debug|Any CPU
		{34571D3D-200F-462F-A727-7533A565607A}.Debug|Any CPU.Build.0 = Debug|Any CPU
		{34571D3D-200F-462F-A727-7533A565607A}.Release|Any CPU.ActiveCfg = Release|Any CPU
		{34571D3D-200F-462F-A727-7533A565607A}.Release|Any CPU.Build.0 = Release|Any CPU
		{FCADF401-1702-42C1-A181-6BF0E82273D7}.Debug|Any CPU.ActiveCfg = Debug|Any CPU
		{FCADF401-1702-42C1-A181-6BF0E82273D7}.Debug|Any CPU.Build.0 = Debug|Any CPU
		{FCADF401-1702-42C1-A181-6BF0E82273D7}.Release|Any CPU.ActiveCfg = Release|Any CPU
		{FCADF401-1702-42C1-A181-6BF0E82273D7}.Release|Any CPU.Build.0 = Release|Any CPU
		{37B9EE70-F803-41EB-93D2-F6CCBF085A7C}.Debug|Any CPU.ActiveCfg = Debug|Any CPU
		{37B9EE70-F803-41EB-93D2-F6CCBF085A7C}.Debug|Any CPU.Build.0 = Debug|Any CPU
		{37B9EE70-F803-41EB-93D2-F6CCBF085A7C}.Release|Any CPU.ActiveCfg = Release|Any CPU
		{37B9EE70-F803-41EB-93D2-F6CCBF085A7C}.Release|Any CPU.Build.0 = Release|Any CPU
		{6A523E3C-7C8A-40E8-8332-55C503E7166A}.Debug|Any CPU.ActiveCfg = Debug|Any CPU
		{6A523E3C-7C8A-40E8-8332-55C503E7166A}.Debug|Any CPU.Build.0 = Debug|Any CPU
		{6A523E3C-7C8A-40E8-8332-55C503E7166A}.Release|Any CPU.ActiveCfg = Release|Any CPU
		{6A523E3C-7C8A-40E8-8332-55C503E7166A}.Release|Any CPU.Build.0 = Release|Any CPU
		{D8AA3DE9-6264-47FE-8A57-E0EAFB640288}.Debug|Any CPU.ActiveCfg = Debug|Any CPU
		{D8AA3DE9-6264-47FE-8A57-E0EAFB640288}.Debug|Any CPU.Build.0 = Debug|Any CPU
		{D8AA3DE9-6264-47FE-8A57-E0EAFB640288}.Release|Any CPU.ActiveCfg = Release|Any CPU
		{D8AA3DE9-6264-47FE-8A57-E0EAFB640288}.Release|Any CPU.Build.0 = Release|Any CPU
		{BB113D13-24C7-4D87-A81C-BF1E8C1FAE23}.Debug|Any CPU.ActiveCfg = Debug|Any CPU
		{BB113D13-24C7-4D87-A81C-BF1E8C1FAE23}.Debug|Any CPU.Build.0 = Debug|Any CPU
		{BB113D13-24C7-4D87-A81C-BF1E8C1FAE23}.Release|Any CPU.ActiveCfg = Release|Any CPU
		{BB113D13-24C7-4D87-A81C-BF1E8C1FAE23}.Release|Any CPU.Build.0 = Release|Any CPU
	EndGlobalSection
	GlobalSection(SolutionProperties) = preSolution
		HideSolutionNode = FALSE
	EndGlobalSection
	GlobalSection(NestedProjects) = preSolution
		{34571D3D-200F-462F-A727-7533A565607A} = {BBF6416E-FC4F-49BF-BED0-973448ACE873}
		{FCADF401-1702-42C1-A181-6BF0E82273D7} = {BBF6416E-FC4F-49BF-BED0-973448ACE873}
		{37B9EE70-F803-41EB-93D2-F6CCBF085A7C} = {BBF6416E-FC4F-49BF-BED0-973448ACE873}
		{6A523E3C-7C8A-40E8-8332-55C503E7166A} = {DF9947C9-FF18-41FB-BE89-BA17C437CEC7}
		{D8AA3DE9-6264-47FE-8A57-E0EAFB640288} = {DF9947C9-FF18-41FB-BE89-BA17C437CEC7}
		{BB113D13-24C7-4D87-A81C-BF1E8C1FAE23} = {DF9947C9-FF18-41FB-BE89-BA17C437CEC7}
	EndGlobalSection
EndGlobal
